schema: '2.0'
stages:
  data_ingestion:
    cmd: python src/data/data_ingestion.py
    deps:
    - path: src/data/data_ingestion.py
      hash: md5
      md5: d3c62e40ecb37687263afe591c95b08c
      size: 3542
    params:
      params.yaml:
        data_ingestion.test_size: 0.2
    outs:
    - path: data/raw
      hash: md5
      md5: baecf8f832ba4b99d9e3db11791ba027.dir
      size: 7120072
      nfiles: 2
  data_preprocessing:
    cmd: python src/data/data_preprocessing.py
    deps:
    - path: data/raw
      hash: md5
      md5: baecf8f832ba4b99d9e3db11791ba027.dir
      size: 7120072
      nfiles: 2
    - path: src/data/data_preprocessing.py
      hash: md5
      md5: be814f9ffc432208f85659223951b5de
      size: 4062
    outs:
    - path: data/interim
      hash: md5
      md5: bc28675bb160a2b8b8ee35a5ee6f6fd9.dir
      size: 4278325
      nfiles: 2
  feature_engineering:
    cmd: python src/features/feature_engineering.py
    deps:
    - path: data/interim
      hash: md5
      md5: bc28675bb160a2b8b8ee35a5ee6f6fd9.dir
      size: 4278325
      nfiles: 2
    - path: src/features/feature_engineering.py
      hash: md5
      md5: c223fa600bdea507b27169e8920ffaf9
      size: 3879
    params:
      params.yaml:
        feature_engineering.max_features: 3000
    outs:
    - path: data/processed
      hash: md5
      md5: de4c06b1eacb60d730bc2c3461ab3d36.dir
      size: 135941718
      nfiles: 2
  model_building:
    cmd: python src/model/model_building.py
    deps:
    - path: data/processed
      hash: md5
      md5: de4c06b1eacb60d730bc2c3461ab3d36.dir
      size: 135941718
      nfiles: 2
    - path: src/model/model_building.py
      hash: md5
      md5: 809681a98d52938b43c9befd0b00a422
      size: 2373
    outs:
    - path: models/model.pkl
      hash: md5
      md5: 178b04330e47fb862f78dce883c771c8
      size: 120798
  model_evaluation:
    cmd: python src/model/model_evaluation.py
    deps:
    - path: models/model.pkl
      hash: md5
      md5: 178b04330e47fb862f78dce883c771c8
      size: 120798
    - path: src/model/model_evaluation.py
      hash: md5
      md5: cbe5b0c5dd54f5cabca86d6f135d736e
      size: 5532
    outs:
    - path: reports/experiment_info.json
      hash: md5
      md5: 77bccb83dd9679921d970ddcadc7d1be
      size: 82
    - path: reports/metrics.json
      hash: md5
      md5: 31c8a914b8ed5cfa49a48ad12c924a69
      size: 145
  model_registration:
    cmd: python src/model/register_model.py
    deps:
    - path: reports/experiment_info.json
      hash: md5
      md5: 77bccb83dd9679921d970ddcadc7d1be
      size: 82
    - path: src/model/register_model.py
      hash: md5
      md5: 0f598eb28cdbf50819043327c38cbf30
      size: 2568
